
Microsoft Visual Studio Solution File, Format Version 12.00
# Visual Studio Version 16
VisualStudioVersion = 25.0.1700.0
MinimumVisualStudioVersion = 10.0.40219.1
Project("{FAE04EC0-301F-11D3-BF4B-00C04F79EFBC}") = "Appwrite", "Appwrite.csproj", "{3EC556FA-46A6-4EB5-A527-20BD80A1A003}"
EndProject
Global
	GlobalSection(SolutionConfigurationPlatforms) = preSolution
		Debug|Any CPU = Debug|Any CPU
		Release|Any CPU = Release|Any CPU
	EndGlobalSection
	GlobalSection(ProjectConfigurationPlatforms) = postSolution
		{3EC556FA-46A6-4EB5-A527-20BD80A1A003}.Debug|Any CPU.ActiveCfg = Debug|Any CPU
		{3EC556FA-46A6-4EB5-A527-20BD80A1A003}.Debug|Any CPU.Build.0 = Debug|Any CPU
		{3EC556FA-46A6-4EB5-A527-20BD80A1A003}.Release|Any CPU.ActiveCfg = Release|Any CPU
		{3EC556FA-46A6-4EB5-A527-20BD80A1A003}.Release|Any CPU.Build.0 = Release|Any CPU
	EndGlobalSection
	GlobalSection(SolutionProperties) = preSolution
		HideSolutionNode = FALSE
	EndGlobalSection
	GlobalSection(ExtensibilityGlobals) = postSolution
		SolutionGuid = {D570CEFF-B479-4897-B8D6-8BE5100E253E}
	EndGlobalSection
EndGlobal
